
Microsoft Visual Studio Solution File, Format Version 12.00
# Visual Studio Version 17
VisualStudioVersion = 17.8.34330.188
MinimumVisualStudioVersion = 10.0.40219.1
Project("{9A19103F-16F7-4668-BE54-9A1E7A4F7556}") = "Collections.Isolated", "Collections.Isolated\Collections.Isolated.csproj", "{4FAF4B80-B7AF-4A80-B1AF-F1780E3318B2}"
EndProject
Project("{9A19103F-16F7-4668-BE54-9A1E7A4F7556}") = "IsolatedDictionaryTests", "IsolatedDictionaryTests\IsolatedDictionaryTests.csproj", "{5E18D242-A30A-4B75-9B53-BF1C0C50C298}"
EndProject
Project("{9A19103F-16F7-4668-BE54-9A1E7A4F7556}") = "TestApi", "TestApi\TestApi.csproj", "{1D116EC1-6F7D-4680-9D8B-F6F430AFCB57}"
EndProject
Project("{2150E333-8FDC-42A3-9474-1A3956D46DE8}") = "Source", "Source", "{5D4D70CA-7454-45F7-9568-990F1078E9FA}"
EndProject
Project("{2150E333-8FDC-42A3-9474-1A3956D46DE8}") = "Tests", "Tests", "{5A6401F9-23EE-4BB1-9C57-B5F1651C81E8}"
EndProject
Project("{2150E333-8FDC-42A3-9474-1A3956D46DE8}") = "Layer2-Application", "Layer2-Application", "{2B8231F6-9556-4D13-8867-77DA73E0EA50}"
EndProject
Project("{2150E333-8FDC-42A3-9474-1A3956D46DE8}") = "Layer3-Adapters", "Layer3-Adapters", "{95940E38-F9D4-4092-8303-93CCBB8DB9F0}"
EndProject
Project("{2150E333-8FDC-42A3-9474-1A3956D46DE8}") = "Layer4-Configuration", "Layer4-Configuration", "{5E27EFF3-47AD-4E42-951A-DBB8D7502382}"
EndProject
Project("{2150E333-8FDC-42A3-9474-1A3956D46DE8}") = "Controllers", "Controllers", "{23B0391E-A923-4C93-AF04-EE3D0008F778}"
EndProject
Project("{2150E333-8FDC-42A3-9474-1A3956D46DE8}") = "Infrastructure", "Infrastructure", "{FD4E0034-4CD0-47F7-8F06-5071CC6CF739}"
EndProject
Project("{9A19103F-16F7-4668-BE54-9A1E7A4F7556}") = "Collections.Isolated.Infrastructure", "Collections.Isolated.Infrastructure\Collections.Isolated.Infrastructure.csproj", "{A9331100-736E-403F-9ECF-564F9FCAFE08}"
EndProject
Project("{9A19103F-16F7-4668-BE54-9A1E7A4F7556}") = "Collections.Isolated.Controllers", "Collections.Isolated.Controllers\Collections.Isolated.Controllers.csproj", "{5754EE5B-92BB-40F4-8ED6-2F5FDDFD9995}"
EndProject
Project("{9A19103F-16F7-4668-BE54-9A1E7A4F7556}") = "Collections.Isolated.Application", "Collections.Isolated.Application\Collections.Isolated.Application.csproj", "{608BBE27-C9BC-4871-85B2-2BF62343FCC3}"
EndProject
Project("{2150E333-8FDC-42A3-9474-1A3956D46DE8}") = "Layer0-Abstractions", "Layer0-Abstractions", "{7C945BD9-AD2D-4FD5-AE96-B1C4EC0B408C}"
EndProject
Project("{9A19103F-16F7-4668-BE54-9A1E7A4F7556}") = "Collections.Isolated.Abstractions", "Collections.Isolated.Abstractions\Collections.Isolated.Abstractions.csproj", "{B62EF165-3FEC-4E97-AB48-EC56723F59C4}"
EndProject
Project("{9A19103F-16F7-4668-BE54-9A1E7A4F7556}") = "Collections.Isolated.Domain.Dictionary", "Collections.Isolated.Domain.Dictionary\Collections.Isolated.Domain.Dictionary.csproj", "{B4F6B22E-4F78-4E50-B95B-58595B6022CC}"
EndProject
Project("{2150E333-8FDC-42A3-9474-1A3956D46DE8}") = "Layer1-Domain", "Layer1-Domain", "{81890C4A-85BE-4A2C-BDC0-9F92FF7A87C9}"
EndProject
Project("{9A19103F-16F7-4668-BE54-9A1E7A4F7556}") = "Collections.Isolated.Domain.Common", "Collections.Isolated.Domain.Common\Collections.Isolated.Domain.Common.csproj", "{0E01E5B3-A632-41A8-9FEF-4A37BD0318E1}"
EndProject
Project("{9A19103F-16F7-4668-BE54-9A1E7A4F7556}") = "Collections.Isolated.Domain.Consensus", "Collections.Isolated.Domain.Consensus\Collections.Isolated.Domain.Consensus.csproj", "{5A6D354C-CEF9-4270-A056-1A605C9657EA}"
EndProject
Global
	GlobalSection(SolutionConfigurationPlatforms) = preSolution
		Debug|Any CPU = Debug|Any CPU
		Release|Any CPU = Release|Any CPU
	EndGlobalSection
	GlobalSection(ProjectConfigurationPlatforms) = postSolution
		{4FAF4B80-B7AF-4A80-B1AF-F1780E3318B2}.Debug|Any CPU.ActiveCfg = Debug|Any CPU
		{4FAF4B80-B7AF-4A80-B1AF-F1780E3318B2}.Debug|Any CPU.Build.0 = Debug|Any CPU
		{4FAF4B80-B7AF-4A80-B1AF-F1780E3318B2}.Release|Any CPU.ActiveCfg = Release|Any CPU
		{4FAF4B80-B7AF-4A80-B1AF-F1780E3318B2}.Release|Any CPU.Build.0 = Release|Any CPU
		{5E18D242-A30A-4B75-9B53-BF1C0C50C298}.Debug|Any CPU.ActiveCfg = Debug|Any CPU
		{5E18D242-A30A-4B75-9B53-BF1C0C50C298}.Debug|Any CPU.Build.0 = Debug|Any CPU
		{5E18D242-A30A-4B75-9B53-BF1C0C50C298}.Release|Any CPU.ActiveCfg = Release|Any CPU
		{5E18D242-A30A-4B75-9B53-BF1C0C50C298}.Release|Any CPU.Build.0 = Release|Any CPU
		{1D116EC1-6F7D-4680-9D8B-F6F430AFCB57}.Debug|Any CPU.ActiveCfg = Debug|Any CPU
		{1D116EC1-6F7D-4680-9D8B-F6F430AFCB57}.Debug|Any CPU.Build.0 = Debug|Any CPU
		{1D116EC1-6F7D-4680-9D8B-F6F430AFCB57}.Release|Any CPU.ActiveCfg = Release|Any CPU
		{1D116EC1-6F7D-4680-9D8B-F6F430AFCB57}.Release|Any CPU.Build.0 = Release|Any CPU
		{A9331100-736E-403F-9ECF-564F9FCAFE08}.Debug|Any CPU.ActiveCfg = Debug|Any CPU
		{A9331100-736E-403F-9ECF-564F9FCAFE08}.Debug|Any CPU.Build.0 = Debug|Any CPU
		{A9331100-736E-403F-9ECF-564F9FCAFE08}.Release|Any CPU.ActiveCfg = Release|Any CPU
		{A9331100-736E-403F-9ECF-564F9FCAFE08}.Release|Any CPU.Build.0 = Release|Any CPU
		{5754EE5B-92BB-40F4-8ED6-2F5FDDFD9995}.Debug|Any CPU.ActiveCfg = Debug|Any CPU
		{5754EE5B-92BB-40F4-8ED6-2F5FDDFD9995}.Debug|Any CPU.Build.0 = Debug|Any CPU
		{5754EE5B-92BB-40F4-8ED6-2F5FDDFD9995}.Release|Any CPU.ActiveCfg = Release|Any CPU
		{5754EE5B-92BB-40F4-8ED6-2F5FDDFD9995}.Release|Any CPU.Build.0 = Release|Any CPU
		{608BBE27-C9BC-4871-85B2-2BF62343FCC3}.Debug|Any CPU.ActiveCfg = Debug|Any CPU
		{608BBE27-C9BC-4871-85B2-2BF62343FCC3}.Debug|Any CPU.Build.0 = Debug|Any CPU
		{608BBE27-C9BC-4871-85B2-2BF62343FCC3}.Release|Any CPU.ActiveCfg = Release|Any CPU
		{608BBE27-C9BC-4871-85B2-2BF62343FCC3}.Release|Any CPU.Build.0 = Release|Any CPU
		{B62EF165-3FEC-4E97-AB48-EC56723F59C4}.Debug|Any CPU.ActiveCfg = Debug|Any CPU
		{B62EF165-3FEC-4E97-AB48-EC56723F59C4}.Debug|Any CPU.Build.0 = Debug|Any CPU
		{B62EF165-3FEC-4E97-AB48-EC56723F59C4}.Release|Any CPU.ActiveCfg = Release|Any CPU
		{B62EF165-3FEC-4E97-AB48-EC56723F59C4}.Release|Any CPU.Build.0 = Release|Any CPU
		{B4F6B22E-4F78-4E50-B95B-58595B6022CC}.Debug|Any CPU.ActiveCfg = Debug|Any CPU
		{B4F6B22E-4F78-4E50-B95B-58595B6022CC}.Debug|Any CPU.Build.0 = Debug|Any CPU
		{B4F6B22E-4F78-4E50-B95B-58595B6022CC}.Release|Any CPU.ActiveCfg = Release|Any CPU
		{B4F6B22E-4F78-4E50-B95B-58595B6022CC}.Release|Any CPU.Build.0 = Release|Any CPU
		{0E01E5B3-A632-41A8-9FEF-4A37BD0318E1}.Debug|Any CPU.ActiveCfg = Debug|Any CPU
		{0E01E5B3-A632-41A8-9FEF-4A37BD0318E1}.Debug|Any CPU.Build.0 = Debug|Any CPU
		{0E01E5B3-A632-41A8-9FEF-4A37BD0318E1}.Release|Any CPU.ActiveCfg = Release|Any CPU
		{0E01E5B3-A632-41A8-9FEF-4A37BD0318E1}.Release|Any CPU.Build.0 = Release|Any CPU
		{5A6D354C-CEF9-4270-A056-1A605C9657EA}.Debug|Any CPU.ActiveCfg = Debug|Any CPU
		{5A6D354C-CEF9-4270-A056-1A605C9657EA}.Debug|Any CPU.Build.0 = Debug|Any CPU
		{5A6D354C-CEF9-4270-A056-1A605C9657EA}.Release|Any CPU.ActiveCfg = Release|Any CPU
		{5A6D354C-CEF9-4270-A056-1A605C9657EA}.Release|Any CPU.Build.0 = Release|Any CPU
	EndGlobalSection
	GlobalSection(SolutionProperties) = preSolution
		HideSolutionNode = FALSE
	EndGlobalSection
	GlobalSection(NestedProjects) = preSolution
		{4FAF4B80-B7AF-4A80-B1AF-F1780E3318B2} = {5E27EFF3-47AD-4E42-951A-DBB8D7502382}
		{5E18D242-A30A-4B75-9B53-BF1C0C50C298} = {5A6401F9-23EE-4BB1-9C57-B5F1651C81E8}
		{1D116EC1-6F7D-4680-9D8B-F6F430AFCB57} = {5A6401F9-23EE-4BB1-9C57-B5F1651C81E8}
		{2B8231F6-9556-4D13-8867-77DA73E0EA50} = {5D4D70CA-7454-45F7-9568-990F1078E9FA}
		{95940E38-F9D4-4092-8303-93CCBB8DB9F0} = {5D4D70CA-7454-45F7-9568-990F1078E9FA}
		{5E27EFF3-47AD-4E42-951A-DBB8D7502382} = {5D4D70CA-7454-45F7-9568-990F1078E9FA}
		{23B0391E-A923-4C93-AF04-EE3D0008F778} = {95940E38-F9D4-4092-8303-93CCBB8DB9F0}
		{FD4E0034-4CD0-47F7-8F06-5071CC6CF739} = {95940E38-F9D4-4092-8303-93CCBB8DB9F0}
		{A9331100-736E-403F-9ECF-564F9FCAFE08} = {FD4E0034-4CD0-47F7-8F06-5071CC6CF739}
		{5754EE5B-92BB-40F4-8ED6-2F5FDDFD9995} = {23B0391E-A923-4C93-AF04-EE3D0008F778}
		{608BBE27-C9BC-4871-85B2-2BF62343FCC3} = {2B8231F6-9556-4D13-8867-77DA73E0EA50}
		{7C945BD9-AD2D-4FD5-AE96-B1C4EC0B408C} = {5D4D70CA-7454-45F7-9568-990F1078E9FA}
		{B62EF165-3FEC-4E97-AB48-EC56723F59C4} = {7C945BD9-AD2D-4FD5-AE96-B1C4EC0B408C}
		{B4F6B22E-4F78-4E50-B95B-58595B6022CC} = {81890C4A-85BE-4A2C-BDC0-9F92FF7A87C9}
		{81890C4A-85BE-4A2C-BDC0-9F92FF7A87C9} = {5D4D70CA-7454-45F7-9568-990F1078E9FA}
		{0E01E5B3-A632-41A8-9FEF-4A37BD0318E1} = {81890C4A-85BE-4A2C-BDC0-9F92FF7A87C9}
		{5A6D354C-CEF9-4270-A056-1A605C9657EA} = {81890C4A-85BE-4A2C-BDC0-9F92FF7A87C9}
	EndGlobalSection
	GlobalSection(ExtensibilityGlobals) = postSolution
		SolutionGuid = {15FA2043-5F2E-4ED5-9CDB-8DED8139B73F}
	EndGlobalSection
EndGlobal
